
Microsoft Visual Studio Solution File, Format Version 12.00
# Visual Studio Version 17
VisualStudioVersion = 17.12.35527.113 d17.12
MinimumVisualStudioVersion = 10.0.40219.1
Project("{FAE04EC0-301F-11D3-BF4B-00C04F79EFBC}") = "Gamebook.Server", "Gamebook.Server\Gamebook.Server.csproj", "{A75A2262-400A-47AF-B7C6-7583E6103D78}"
EndProject
Project("{54A90642-561A-4BB1-A94E-469ADEE60C69}") = "gamebook.client", "gamebook.client\gamebook.client.esproj", "{5CB9F732-2068-4343-BA3C-40B6F3E6FF8D}"
EndProject
Global
	GlobalSection(SolutionConfigurationPlatforms) = preSolution
		Debug|Any CPU = Debug|Any CPU
		Release|Any CPU = Release|Any CPU
	EndGlobalSection
	GlobalSection(ProjectConfigurationPlatforms) = postSolution
		{A75A2262-400A-47AF-B7C6-7583E6103D78}.Debug|Any CPU.ActiveCfg = Debug|Any CPU
		{A75A2262-400A-47AF-B7C6-7583E6103D78}.Debug|Any CPU.Build.0 = Debug|Any CPU
		{A75A2262-400A-47AF-B7C6-7583E6103D78}.Release|Any CPU.ActiveCfg = Release|Any CPU
		{A75A2262-400A-47AF-B7C6-7583E6103D78}.Release|Any CPU.Build.0 = Release|Any CPU
		{5CB9F732-2068-4343-BA3C-40B6F3E6FF8D}.Debug|Any CPU.ActiveCfg = Debug|Any CPU
		{5CB9F732-2068-4343-BA3C-40B6F3E6FF8D}.Debug|Any CPU.Build.0 = Debug|Any CPU
		{5CB9F732-2068-4343-BA3C-40B6F3E6FF8D}.Debug|Any CPU.Deploy.0 = Debug|Any CPU
		{5CB9F732-2068-4343-BA3C-40B6F3E6FF8D}.Release|Any CPU.ActiveCfg = Release|Any CPU
		{5CB9F732-2068-4343-BA3C-40B6F3E6FF8D}.Release|Any CPU.Build.0 = Release|Any CPU
		{5CB9F732-2068-4343-BA3C-40B6F3E6FF8D}.Release|Any CPU.Deploy.0 = Release|Any CPU
	EndGlobalSection
	GlobalSection(SolutionProperties) = preSolution
		HideSolutionNode = FALSE
	EndGlobalSection
EndGlobal
