
Microsoft Visual Studio Solution File, Format Version 12.00
# Visual Studio Version 17
VisualStudioVersion = 17.12.35506.116 d17.12
MinimumVisualStudioVersion = 10.0.40219.1
Project("{FAE04EC0-301F-11D3-BF4B-00C04F79EFBC}") = "Gamebook.Server", "Gamebook.Server\Gamebook.Server.csproj", "{F19E64BE-9CDD-48DC-B568-C052A1DD1A9D}"
EndProject
Project("{54A90642-561A-4BB1-A94E-469ADEE60C69}") = "gamebook.client", "gamebook.client\gamebook.client.esproj", "{11B2DED5-4010-4C39-9BDC-8E868164A9D7}"
EndProject
Global
	GlobalSection(SolutionConfigurationPlatforms) = preSolution
		Debug|Any CPU = Debug|Any CPU
		Release|Any CPU = Release|Any CPU
	EndGlobalSection
	GlobalSection(ProjectConfigurationPlatforms) = postSolution
		{F19E64BE-9CDD-48DC-B568-C052A1DD1A9D}.Debug|Any CPU.ActiveCfg = Debug|Any CPU
		{F19E64BE-9CDD-48DC-B568-C052A1DD1A9D}.Debug|Any CPU.Build.0 = Debug|Any CPU
		{F19E64BE-9CDD-48DC-B568-C052A1DD1A9D}.Release|Any CPU.ActiveCfg = Release|Any CPU
		{F19E64BE-9CDD-48DC-B568-C052A1DD1A9D}.Release|Any CPU.Build.0 = Release|Any CPU
		{11B2DED5-4010-4C39-9BDC-8E868164A9D7}.Debug|Any CPU.ActiveCfg = Debug|Any CPU
		{11B2DED5-4010-4C39-9BDC-8E868164A9D7}.Debug|Any CPU.Build.0 = Debug|Any CPU
		{11B2DED5-4010-4C39-9BDC-8E868164A9D7}.Debug|Any CPU.Deploy.0 = Debug|Any CPU
		{11B2DED5-4010-4C39-9BDC-8E868164A9D7}.Release|Any CPU.ActiveCfg = Release|Any CPU
		{11B2DED5-4010-4C39-9BDC-8E868164A9D7}.Release|Any CPU.Build.0 = Release|Any CPU
		{11B2DED5-4010-4C39-9BDC-8E868164A9D7}.Release|Any CPU.Deploy.0 = Release|Any CPU
	EndGlobalSection
	GlobalSection(SolutionProperties) = preSolution
		HideSolutionNode = FALSE
	EndGlobalSection
EndGlobal
